
Microsoft Visual Studio Solution File, Format Version 12.00
# Visual Studio Version 16
VisualStudioVersion = 16.0.29911.84
MinimumVisualStudioVersion = 10.0.40219.1
Project("{9A19103F-16F7-4668-BE54-9A1E7A4F7556}") = "ECommerce.Api.Products", "ECommerce.Api.Products\ECommerce.Api.Products.csproj", "{0A9E5983-AA53-4D67-968A-EC3D7E36B1ED}"
EndProject
Project("{9A19103F-16F7-4668-BE54-9A1E7A4F7556}") = "ECommerce.Api.Customers", "ECommerce.Api.Customers\ECommerce.Api.Customers.csproj", "{D5C65CDE-2285-48C4-88E5-71034CC4C02E}"
EndProject
Project("{9A19103F-16F7-4668-BE54-9A1E7A4F7556}") = "ECommerce.Api.Orders", "ECommerce.Api.Orders\ECommerce.Api.Orders.csproj", "{3CF10D39-EBB6-450F-A4F0-718D0B53D9AA}"
EndProject
Project("{9A19103F-16F7-4668-BE54-9A1E7A4F7556}") = "ECommerce.Api.Search", "ECommerce.Api.Search\ECommerce.Api.Search.csproj", "{0F3DC3C7-C6EF-42A0-BE25-B9159AC155A2}"
EndProject
Project("{FAE04EC0-301F-11D3-BF4B-00C04F79EFBC}") = "ECommerce.Api.Products.Tests", "ECommerce.Api.Products.Tests\ECommerce.Api.Products.Tests.csproj", "{86A57308-D287-4871-8672-8A557E2144A3}"
EndProject
Global
	GlobalSection(SolutionConfigurationPlatforms) = preSolution
		Debug|Any CPU = Debug|Any CPU
		Release|Any CPU = Release|Any CPU
	EndGlobalSection
	GlobalSection(ProjectConfigurationPlatforms) = postSolution
		{0A9E5983-AA53-4D67-968A-EC3D7E36B1ED}.Debug|Any CPU.ActiveCfg = Debug|Any CPU
		{0A9E5983-AA53-4D67-968A-EC3D7E36B1ED}.Debug|Any CPU.Build.0 = Debug|Any CPU
		{0A9E5983-AA53-4D67-968A-EC3D7E36B1ED}.Release|Any CPU.ActiveCfg = Release|Any CPU
		{0A9E5983-AA53-4D67-968A-EC3D7E36B1ED}.Release|Any CPU.Build.0 = Release|Any CPU
		{D5C65CDE-2285-48C4-88E5-71034CC4C02E}.Debug|Any CPU.ActiveCfg = Debug|Any CPU
		{D5C65CDE-2285-48C4-88E5-71034CC4C02E}.Debug|Any CPU.Build.0 = Debug|Any CPU
		{D5C65CDE-2285-48C4-88E5-71034CC4C02E}.Release|Any CPU.ActiveCfg = Release|Any CPU
		{D5C65CDE-2285-48C4-88E5-71034CC4C02E}.Release|Any CPU.Build.0 = Release|Any CPU
		{3CF10D39-EBB6-450F-A4F0-718D0B53D9AA}.Debug|Any CPU.ActiveCfg = Debug|Any CPU
		{3CF10D39-EBB6-450F-A4F0-718D0B53D9AA}.Debug|Any CPU.Build.0 = Debug|Any CPU
		{3CF10D39-EBB6-450F-A4F0-718D0B53D9AA}.Release|Any CPU.ActiveCfg = Release|Any CPU
		{3CF10D39-EBB6-450F-A4F0-718D0B53D9AA}.Release|Any CPU.Build.0 = Release|Any CPU
		{0F3DC3C7-C6EF-42A0-BE25-B9159AC155A2}.Debug|Any CPU.ActiveCfg = Debug|Any CPU
		{0F3DC3C7-C6EF-42A0-BE25-B9159AC155A2}.Debug|Any CPU.Build.0 = Debug|Any CPU
		{0F3DC3C7-C6EF-42A0-BE25-B9159AC155A2}.Release|Any CPU.ActiveCfg = Release|Any CPU
		{0F3DC3C7-C6EF-42A0-BE25-B9159AC155A2}.Release|Any CPU.Build.0 = Release|Any CPU
		{86A57308-D287-4871-8672-8A557E2144A3}.Debug|Any CPU.ActiveCfg = Debug|Any CPU
		{86A57308-D287-4871-8672-8A557E2144A3}.Debug|Any CPU.Build.0 = Debug|Any CPU
		{86A57308-D287-4871-8672-8A557E2144A3}.Release|Any CPU.ActiveCfg = Release|Any CPU
		{86A57308-D287-4871-8672-8A557E2144A3}.Release|Any CPU.Build.0 = Release|Any CPU
	EndGlobalSection
	GlobalSection(SolutionProperties) = preSolution
		HideSolutionNode = FALSE
	EndGlobalSection
	GlobalSection(ExtensibilityGlobals) = postSolution
		SolutionGuid = {20A2B7C5-1A61-4C9B-A193-1719EDB509F9}
	EndGlobalSection
EndGlobal
